// !$*UTF8*$!
{
	archiveVersion = 1;
	classes = {
	};
	objectVersion = 50;
	objects = {

/* Begin PBXBuildFile section */
		6E153BA824E380730011FF41 /* PomodoroTimer.swift in Sources */ = {isa = PBXBuildFile; fileRef = 6E153BA724E380730011FF41 /* PomodoroTimer.swift */; };
		6E153BA924E383CE0011FF41 /* PomodoroTimer.swift in Sources */ = {isa = PBXBuildFile; fileRef = 6E153BA724E380730011FF41 /* PomodoroTimer.swift */; };
		6E177D7224E241D90021403B /* PomodoroTimerTests.swift in Sources */ = {isa = PBXBuildFile; fileRef = 6E177D7124E241D90021403B /* PomodoroTimerTests.swift */; };
		6E38D03D24E9F31100128CEA /* PomodoroTimeSpy.swift in Sources */ = {isa = PBXBuildFile; fileRef = 6E38D03C24E9F31100128CEA /* PomodoroTimeSpy.swift */; };
		6E38D03F24E9F37700128CEA /* PausePomodoroUseCaseTests.swift in Sources */ = {isa = PBXBuildFile; fileRef = 6E38D03E24E9F37700128CEA /* PausePomodoroUseCaseTests.swift */; };
		6E9DFD2624F49B8300C987B5 /* CounterTests.swift in Sources */ = {isa = PBXBuildFile; fileRef = 6E9DFD2524F49B8300C987B5 /* CounterTests.swift */; };
		6EABFDBC24E08C9D00D6E71C /* MyPomodoroApp.swift in Sources */ = {isa = PBXBuildFile; fileRef = 6EABFDBB24E08C9D00D6E71C /* MyPomodoroApp.swift */; };
		6EABFDBE24E08C9D00D6E71C /* MainView.swift in Sources */ = {isa = PBXBuildFile; fileRef = 6EABFDBD24E08C9D00D6E71C /* MainView.swift */; };
		6EABFDC024E08C9E00D6E71C /* Assets.xcassets in Resources */ = {isa = PBXBuildFile; fileRef = 6EABFDBF24E08C9E00D6E71C /* Assets.xcassets */; };
		6EABFDC324E08C9E00D6E71C /* Preview Assets.xcassets in Resources */ = {isa = PBXBuildFile; fileRef = 6EABFDC224E08C9E00D6E71C /* Preview Assets.xcassets */; };
		6EABFDCF24E08C9E00D6E71C /* MyPomodoroTests.swift in Sources */ = {isa = PBXBuildFile; fileRef = 6EABFDCE24E08C9E00D6E71C /* MyPomodoroTests.swift */; };
		6EABFDE924E08DCD00D6E71C /* PomodoroManagerViewModel.swift in Sources */ = {isa = PBXBuildFile; fileRef = 6EABFDE824E08DCD00D6E71C /* PomodoroManagerViewModel.swift */; };
		6EABFDF224E0923000D6E71C /* StartPomodoroUseCaseTests.swift in Sources */ = {isa = PBXBuildFile; fileRef = 6EABFDF124E0923000D6E71C /* StartPomodoroUseCaseTests.swift */; };
		6EABFDFA24E092E500D6E71C /* Pomodoro.swift in Sources */ = {isa = PBXBuildFile; fileRef = 6EABFDF924E092E500D6E71C /* Pomodoro.swift */; };
		6EABFDFD24E092EB00D6E71C /* PomodoroManager.swift in Sources */ = {isa = PBXBuildFile; fileRef = 6EABFDFB24E092EB00D6E71C /* PomodoroManager.swift */; };
		6EABFDFF24E0AD9A00D6E71C /* PomodoroManager.swift in Sources */ = {isa = PBXBuildFile; fileRef = 6EABFDFB24E092EB00D6E71C /* PomodoroManager.swift */; };
		6EABFE0024E0ADB600D6E71C /* Pomodoro.swift in Sources */ = {isa = PBXBuildFile; fileRef = 6EABFDF924E092E500D6E71C /* Pomodoro.swift */; };
		6EABFE0224E0B61800D6E71C /* Counter.swift in Sources */ = {isa = PBXBuildFile; fileRef = 6EABFE0124E0B61800D6E71C /* Counter.swift */; };
		6EABFE0324E0B84300D6E71C /* Counter.swift in Sources */ = {isa = PBXBuildFile; fileRef = 6EABFE0124E0B61800D6E71C /* Counter.swift */; };
/* End PBXBuildFile section */

/* Begin PBXContainerItemProxy section */
		6EABFDCB24E08C9E00D6E71C /* PBXContainerItemProxy */ = {
			isa = PBXContainerItemProxy;
			containerPortal = 6EABFDB024E08C9C00D6E71C /* Project object */;
			proxyType = 1;
			remoteGlobalIDString = 6EABFDB724E08C9D00D6E71C;
			remoteInfo = MyPomodoro;
		};
/* End PBXContainerItemProxy section */

/* Begin PBXFileReference section */
		6E153BA724E380730011FF41 /* PomodoroTimer.swift */ = {isa = PBXFileReference; lastKnownFileType = sourcecode.swift; path = PomodoroTimer.swift; sourceTree = "<group>"; };
		6E177D7124E241D90021403B /* PomodoroTimerTests.swift */ = {isa = PBXFileReference; lastKnownFileType = sourcecode.swift; path = PomodoroTimerTests.swift; sourceTree = "<group>"; };
		6E38D03C24E9F31100128CEA /* PomodoroTimeSpy.swift */ = {isa = PBXFileReference; lastKnownFileType = sourcecode.swift; path = PomodoroTimeSpy.swift; sourceTree = "<group>"; };
		6E38D03E24E9F37700128CEA /* PausePomodoroUseCaseTests.swift */ = {isa = PBXFileReference; lastKnownFileType = sourcecode.swift; path = PausePomodoroUseCaseTests.swift; sourceTree = "<group>"; };
		6E9DFD2524F49B8300C987B5 /* CounterTests.swift */ = {isa = PBXFileReference; lastKnownFileType = sourcecode.swift; path = CounterTests.swift; sourceTree = "<group>"; };
		6EABFDB824E08C9D00D6E71C /* MyPomodoro.app */ = {isa = PBXFileReference; explicitFileType = wrapper.application; includeInIndex = 0; path = MyPomodoro.app; sourceTree = BUILT_PRODUCTS_DIR; };
		6EABFDBB24E08C9D00D6E71C /* MyPomodoroApp.swift */ = {isa = PBXFileReference; lastKnownFileType = sourcecode.swift; path = MyPomodoroApp.swift; sourceTree = "<group>"; };
		6EABFDBD24E08C9D00D6E71C /* MainView.swift */ = {isa = PBXFileReference; lastKnownFileType = sourcecode.swift; path = MainView.swift; sourceTree = "<group>"; };
		6EABFDBF24E08C9E00D6E71C /* Assets.xcassets */ = {isa = PBXFileReference; lastKnownFileType = folder.assetcatalog; path = Assets.xcassets; sourceTree = "<group>"; };
		6EABFDC224E08C9E00D6E71C /* Preview Assets.xcassets */ = {isa = PBXFileReference; lastKnownFileType = folder.assetcatalog; path = "Preview Assets.xcassets"; sourceTree = "<group>"; };
		6EABFDC424E08C9E00D6E71C /* Info.plist */ = {isa = PBXFileReference; lastKnownFileType = text.plist.xml; path = Info.plist; sourceTree = "<group>"; };
		6EABFDC524E08C9E00D6E71C /* MyPomodoro.entitlements */ = {isa = PBXFileReference; lastKnownFileType = text.plist.entitlements; path = MyPomodoro.entitlements; sourceTree = "<group>"; };
		6EABFDCA24E08C9E00D6E71C /* MyPomodoroTests.xctest */ = {isa = PBXFileReference; explicitFileType = wrapper.cfbundle; includeInIndex = 0; path = MyPomodoroTests.xctest; sourceTree = BUILT_PRODUCTS_DIR; };
		6EABFDCE24E08C9E00D6E71C /* MyPomodoroTests.swift */ = {isa = PBXFileReference; lastKnownFileType = sourcecode.swift; path = MyPomodoroTests.swift; sourceTree = "<group>"; };
		6EABFDD024E08C9E00D6E71C /* Info.plist */ = {isa = PBXFileReference; lastKnownFileType = text.plist.xml; path = Info.plist; sourceTree = "<group>"; };
		6EABFDDB24E08C9E00D6E71C /* Info.plist */ = {isa = PBXFileReference; lastKnownFileType = text.plist.xml; path = Info.plist; sourceTree = "<group>"; };
		6EABFDE824E08DCD00D6E71C /* PomodoroManagerViewModel.swift */ = {isa = PBXFileReference; lastKnownFileType = sourcecode.swift; path = PomodoroManagerViewModel.swift; sourceTree = "<group>"; };
		6EABFDF124E0923000D6E71C /* StartPomodoroUseCaseTests.swift */ = {isa = PBXFileReference; fileEncoding = 4; lastKnownFileType = sourcecode.swift; path = StartPomodoroUseCaseTests.swift; sourceTree = "<group>"; };
		6EABFDF924E092E500D6E71C /* Pomodoro.swift */ = {isa = PBXFileReference; fileEncoding = 4; lastKnownFileType = sourcecode.swift; path = Pomodoro.swift; sourceTree = "<group>"; };
		6EABFDFB24E092EB00D6E71C /* PomodoroManager.swift */ = {isa = PBXFileReference; fileEncoding = 4; lastKnownFileType = sourcecode.swift; path = PomodoroManager.swift; sourceTree = "<group>"; };
		6EABFE0124E0B61800D6E71C /* Counter.swift */ = {isa = PBXFileReference; lastKnownFileType = sourcecode.swift; path = Counter.swift; sourceTree = "<group>"; };
/* End PBXFileReference section */

/* Begin PBXFrameworksBuildPhase section */
		6EABFDB524E08C9D00D6E71C /* Frameworks */ = {
			isa = PBXFrameworksBuildPhase;
			buildActionMask = 2147483647;
			files = (
			);
			runOnlyForDeploymentPostprocessing = 0;
		};
		6EABFDC724E08C9E00D6E71C /* Frameworks */ = {
			isa = PBXFrameworksBuildPhase;
			buildActionMask = 2147483647;
			files = (
			);
			runOnlyForDeploymentPostprocessing = 0;
		};
/* End PBXFrameworksBuildPhase section */

/* Begin PBXGroup section */
		6E38D03B24E9F30500128CEA /* Support */ = {
			isa = PBXGroup;
			children = (
				6E38D03C24E9F31100128CEA /* PomodoroTimeSpy.swift */,
			);
			path = Support;
			sourceTree = "<group>";
		};
		6E9DFD2724F4A37000C987B5 /* Pomodoro API */ = {
			isa = PBXGroup;
			children = (
				6EABFDF024E0921C00D6E71C /* UseCases */,
				6E177D7124E241D90021403B /* PomodoroTimerTests.swift */,
				6E9DFD2524F49B8300C987B5 /* CounterTests.swift */,
			);
			path = "Pomodoro API";
			sourceTree = "<group>";
		};
		6EABFDAF24E08C9C00D6E71C = {
			isa = PBXGroup;
			children = (
				6EABFDBA24E08C9D00D6E71C /* MyPomodoro */,
				6EABFDCD24E08C9E00D6E71C /* MyPomodoroTests */,
				6EABFDD824E08C9E00D6E71C /* MyPomodoroUITests */,
				6EABFDB924E08C9D00D6E71C /* Products */,
			);
			sourceTree = "<group>";
		};
		6EABFDB924E08C9D00D6E71C /* Products */ = {
			isa = PBXGroup;
			children = (
				6EABFDB824E08C9D00D6E71C /* MyPomodoro.app */,
				6EABFDCA24E08C9E00D6E71C /* MyPomodoroTests.xctest */,
			);
			name = Products;
			sourceTree = "<group>";
		};
		6EABFDBA24E08C9D00D6E71C /* MyPomodoro */ = {
			isa = PBXGroup;
			children = (
				6EABFDF624E092C500D6E71C /* Pomodoro */,
				6EABFDE724E08D7F00D6E71C /* ViewModels */,
				6EABFDBB24E08C9D00D6E71C /* MyPomodoroApp.swift */,
				6EABFDBD24E08C9D00D6E71C /* MainView.swift */,
				6EABFDBF24E08C9E00D6E71C /* Assets.xcassets */,
				6EABFDC424E08C9E00D6E71C /* Info.plist */,
				6EABFDC524E08C9E00D6E71C /* MyPomodoro.entitlements */,
				6EABFDC124E08C9E00D6E71C /* Preview Content */,
			);
			path = MyPomodoro;
			sourceTree = "<group>";
		};
		6EABFDC124E08C9E00D6E71C /* Preview Content */ = {
			isa = PBXGroup;
			children = (
				6EABFDC224E08C9E00D6E71C /* Preview Assets.xcassets */,
			);
			path = "Preview Content";
			sourceTree = "<group>";
		};
		6EABFDCD24E08C9E00D6E71C /* MyPomodoroTests */ = {
			isa = PBXGroup;
			children = (
				6E9DFD2724F4A37000C987B5 /* Pomodoro API */,
				6E38D03B24E9F30500128CEA /* Support */,
				6EABFDCE24E08C9E00D6E71C /* MyPomodoroTests.swift */,
				6EABFDD024E08C9E00D6E71C /* Info.plist */,
			);
			path = MyPomodoroTests;
			sourceTree = "<group>";
		};
		6EABFDD824E08C9E00D6E71C /* MyPomodoroUITests */ = {
			isa = PBXGroup;
			children = (
				6EABFDDB24E08C9E00D6E71C /* Info.plist */,
			);
			path = MyPomodoroUITests;
			sourceTree = "<group>";
		};
		6EABFDE724E08D7F00D6E71C /* ViewModels */ = {
			isa = PBXGroup;
			children = (
				6EABFDE824E08DCD00D6E71C /* PomodoroManagerViewModel.swift */,
			);
			path = ViewModels;
			sourceTree = "<group>";
		};
		6EABFDF024E0921C00D6E71C /* UseCases */ = {
			isa = PBXGroup;
			children = (
				6EABFDF124E0923000D6E71C /* StartPomodoroUseCaseTests.swift */,
				6E38D03E24E9F37700128CEA /* PausePomodoroUseCaseTests.swift */,
			);
			path = UseCases;
			sourceTree = "<group>";
		};
		6EABFDF624E092C500D6E71C /* Pomodoro */ = {
			isa = PBXGroup;
			children = (
				6EABFDF824E092D900D6E71C /* Services */,
				6EABFDF724E092D500D6E71C /* Models */,
			);
			path = Pomodoro;
			sourceTree = "<group>";
		};
		6EABFDF724E092D500D6E71C /* Models */ = {
			isa = PBXGroup;
			children = (
				6EABFDF924E092E500D6E71C /* Pomodoro.swift */,
			);
			path = Models;
			sourceTree = "<group>";
		};
		6EABFDF824E092D900D6E71C /* Services */ = {
			isa = PBXGroup;
			children = (
				6EABFDFB24E092EB00D6E71C /* PomodoroManager.swift */,
				6EABFE0124E0B61800D6E71C /* Counter.swift */,
				6E153BA724E380730011FF41 /* PomodoroTimer.swift */,
			);
			path = Services;
			sourceTree = "<group>";
		};
/* End PBXGroup section */

/* Begin PBXNativeTarget section */
		6EABFDB724E08C9D00D6E71C /* MyPomodoro */ = {
			isa = PBXNativeTarget;
			buildConfigurationList = 6EABFDDE24E08C9E00D6E71C /* Build configuration list for PBXNativeTarget "MyPomodoro" */;
			buildPhases = (
				6EABFDB424E08C9D00D6E71C /* Sources */,
				6EABFDB524E08C9D00D6E71C /* Frameworks */,
				6EABFDB624E08C9D00D6E71C /* Resources */,
			);
			buildRules = (
			);
			dependencies = (
			);
			name = MyPomodoro;
			productName = MyPomodoro;
			productReference = 6EABFDB824E08C9D00D6E71C /* MyPomodoro.app */;
			productType = "com.apple.product-type.application";
		};
		6EABFDC924E08C9E00D6E71C /* MyPomodoroTests */ = {
			isa = PBXNativeTarget;
			buildConfigurationList = 6EABFDE124E08C9E00D6E71C /* Build configuration list for PBXNativeTarget "MyPomodoroTests" */;
			buildPhases = (
				6EABFDC624E08C9E00D6E71C /* Sources */,
				6EABFDC724E08C9E00D6E71C /* Frameworks */,
				6EABFDC824E08C9E00D6E71C /* Resources */,
			);
			buildRules = (
			);
			dependencies = (
				6EABFDCC24E08C9E00D6E71C /* PBXTargetDependency */,
			);
			name = MyPomodoroTests;
			productName = MyPomodoroTests;
			productReference = 6EABFDCA24E08C9E00D6E71C /* MyPomodoroTests.xctest */;
			productType = "com.apple.product-type.bundle.unit-test";
		};
/* End PBXNativeTarget section */

/* Begin PBXProject section */
		6EABFDB024E08C9C00D6E71C /* Project object */ = {
			isa = PBXProject;
			attributes = {
				LastSwiftUpdateCheck = 1200;
				LastUpgradeCheck = 1200;
				TargetAttributes = {
					6EABFDB724E08C9D00D6E71C = {
						CreatedOnToolsVersion = 12.0;
					};
					6EABFDC924E08C9E00D6E71C = {
						CreatedOnToolsVersion = 12.0;
						TestTargetID = 6EABFDB724E08C9D00D6E71C;
					};
				};
			};
			buildConfigurationList = 6EABFDB324E08C9D00D6E71C /* Build configuration list for PBXProject "MyPomodoro" */;
			compatibilityVersion = "Xcode 9.3";
			developmentRegion = en;
			hasScannedForEncodings = 0;
			knownRegions = (
				en,
				Base,
			);
			mainGroup = 6EABFDAF24E08C9C00D6E71C;
			productRefGroup = 6EABFDB924E08C9D00D6E71C /* Products */;
			projectDirPath = "";
			projectRoot = "";
			targets = (
				6EABFDB724E08C9D00D6E71C /* MyPomodoro */,
				6EABFDC924E08C9E00D6E71C /* MyPomodoroTests */,
			);
		};
/* End PBXProject section */

/* Begin PBXResourcesBuildPhase section */
		6EABFDB624E08C9D00D6E71C /* Resources */ = {
			isa = PBXResourcesBuildPhase;
			buildActionMask = 2147483647;
			files = (
				6EABFDC324E08C9E00D6E71C /* Preview Assets.xcassets in Resources */,
				6EABFDC024E08C9E00D6E71C /* Assets.xcassets in Resources */,
			);
			runOnlyForDeploymentPostprocessing = 0;
		};
		6EABFDC824E08C9E00D6E71C /* Resources */ = {
			isa = PBXResourcesBuildPhase;
			buildActionMask = 2147483647;
			files = (
			);
			runOnlyForDeploymentPostprocessing = 0;
		};
/* End PBXResourcesBuildPhase section */

/* Begin PBXSourcesBuildPhase section */
		6EABFDB424E08C9D00D6E71C /* Sources */ = {
			isa = PBXSourcesBuildPhase;
			buildActionMask = 2147483647;
			files = (
				6EABFDFA24E092E500D6E71C /* Pomodoro.swift in Sources */,
				6EABFE0224E0B61800D6E71C /* Counter.swift in Sources */,
				6EABFDFD24E092EB00D6E71C /* PomodoroManager.swift in Sources */,
				6EABFDE924E08DCD00D6E71C /* PomodoroManagerViewModel.swift in Sources */,
				6EABFDBE24E08C9D00D6E71C /* MainView.swift in Sources */,
				6EABFDBC24E08C9D00D6E71C /* MyPomodoroApp.swift in Sources */,
				6E153BA824E380730011FF41 /* PomodoroTimer.swift in Sources */,
			);
			runOnlyForDeploymentPostprocessing = 0;
		};
		6EABFDC624E08C9E00D6E71C /* Sources */ = {
			isa = PBXSourcesBuildPhase;
			buildActionMask = 2147483647;
			files = (
				6EABFE0324E0B84300D6E71C /* Counter.swift in Sources */,
				6EABFE0024E0ADB600D6E71C /* Pomodoro.swift in Sources */,
				6E38D03D24E9F31100128CEA /* PomodoroTimeSpy.swift in Sources */,
				6E153BA924E383CE0011FF41 /* PomodoroTimer.swift in Sources */,
				6E9DFD2624F49B8300C987B5 /* CounterTests.swift in Sources */,
				6EABFDF224E0923000D6E71C /* StartPomodoroUseCaseTests.swift in Sources */,
				6E177D7224E241D90021403B /* PomodoroTimerTests.swift in Sources */,
				6E38D03F24E9F37700128CEA /* PausePomodoroUseCaseTests.swift in Sources */,
				6EABFDCF24E08C9E00D6E71C /* MyPomodoroTests.swift in Sources */,
				6EABFDFF24E0AD9A00D6E71C /* PomodoroManager.swift in Sources */,
			);
			runOnlyForDeploymentPostprocessing = 0;
		};
/* End PBXSourcesBuildPhase section */

/* Begin PBXTargetDependency section */
		6EABFDCC24E08C9E00D6E71C /* PBXTargetDependency */ = {
			isa = PBXTargetDependency;
			target = 6EABFDB724E08C9D00D6E71C /* MyPomodoro */;
			targetProxy = 6EABFDCB24E08C9E00D6E71C /* PBXContainerItemProxy */;
		};
/* End PBXTargetDependency section */

/* Begin XCBuildConfiguration section */
		6EABFDDC24E08C9E00D6E71C /* Debug */ = {
			isa = XCBuildConfiguration;
			buildSettings = {
				ALWAYS_SEARCH_USER_PATHS = NO;
				CLANG_ANALYZER_NONNULL = YES;
				CLANG_ANALYZER_NUMBER_OBJECT_CONVERSION = YES_AGGRESSIVE;
				CLANG_CXX_LANGUAGE_STANDARD = "gnu++14";
				CLANG_CXX_LIBRARY = "libc++";
				CLANG_ENABLE_MODULES = YES;
				CLANG_ENABLE_OBJC_ARC = YES;
				CLANG_ENABLE_OBJC_WEAK = YES;
				CLANG_WARN_BLOCK_CAPTURE_AUTORELEASING = YES;
				CLANG_WARN_BOOL_CONVERSION = YES;
				CLANG_WARN_COMMA = YES;
				CLANG_WARN_CONSTANT_CONVERSION = YES;
				CLANG_WARN_DEPRECATED_OBJC_IMPLEMENTATIONS = YES;
				CLANG_WARN_DIRECT_OBJC_ISA_USAGE = YES_ERROR;
				CLANG_WARN_DOCUMENTATION_COMMENTS = YES;
				CLANG_WARN_EMPTY_BODY = YES;
				CLANG_WARN_ENUM_CONVERSION = YES;
				CLANG_WARN_INFINITE_RECURSION = YES;
				CLANG_WARN_INT_CONVERSION = YES;
				CLANG_WARN_NON_LITERAL_NULL_CONVERSION = YES;
				CLANG_WARN_OBJC_IMPLICIT_RETAIN_SELF = YES;
				CLANG_WARN_OBJC_LITERAL_CONVERSION = YES;
				CLANG_WARN_OBJC_ROOT_CLASS = YES_ERROR;
				CLANG_WARN_QUOTED_INCLUDE_IN_FRAMEWORK_HEADER = YES;
				CLANG_WARN_RANGE_LOOP_ANALYSIS = YES;
				CLANG_WARN_STRICT_PROTOTYPES = YES;
				CLANG_WARN_SUSPICIOUS_MOVE = YES;
				CLANG_WARN_UNGUARDED_AVAILABILITY = YES_AGGRESSIVE;
				CLANG_WARN_UNREACHABLE_CODE = YES;
				CLANG_WARN__DUPLICATE_METHOD_MATCH = YES;
				COPY_PHASE_STRIP = NO;
				DEBUG_INFORMATION_FORMAT = dwarf;
				ENABLE_STRICT_OBJC_MSGSEND = YES;
				ENABLE_TESTABILITY = YES;
				GCC_C_LANGUAGE_STANDARD = gnu11;
				GCC_DYNAMIC_NO_PIC = NO;
				GCC_NO_COMMON_BLOCKS = YES;
				GCC_OPTIMIZATION_LEVEL = 0;
				GCC_PREPROCESSOR_DEFINITIONS = (
					"DEBUG=1",
					"$(inherited)",
				);
				GCC_WARN_64_TO_32_BIT_CONVERSION = YES;
				GCC_WARN_ABOUT_RETURN_TYPE = YES_ERROR;
				GCC_WARN_UNDECLARED_SELECTOR = YES;
				GCC_WARN_UNINITIALIZED_AUTOS = YES_AGGRESSIVE;
				GCC_WARN_UNUSED_FUNCTION = YES;
				GCC_WARN_UNUSED_VARIABLE = YES;
				MACOSX_DEPLOYMENT_TARGET = 11.0;
				MTL_ENABLE_DEBUG_INFO = INCLUDE_SOURCE;
				MTL_FAST_MATH = YES;
				ONLY_ACTIVE_ARCH = YES;
				SDKROOT = macosx;
				SWIFT_ACTIVE_COMPILATION_CONDITIONS = DEBUG;
				SWIFT_OPTIMIZATION_LEVEL = "-Onone";
			};
			name = Debug;
		};
		6EABFDDD24E08C9E00D6E71C /* Release */ = {
			isa = XCBuildConfiguration;
			buildSettings = {
				ALWAYS_SEARCH_USER_PATHS = NO;
				CLANG_ANALYZER_NONNULL = YES;
				CLANG_ANALYZER_NUMBER_OBJECT_CONVERSION = YES_AGGRESSIVE;
				CLANG_CXX_LANGUAGE_STANDARD = "gnu++14";
				CLANG_CXX_LIBRARY = "libc++";
				CLANG_ENABLE_MODULES = YES;
				CLANG_ENABLE_OBJC_ARC = YES;
				CLANG_ENABLE_OBJC_WEAK = YES;
				CLANG_WARN_BLOCK_CAPTURE_AUTORELEASING = YES;
				CLANG_WARN_BOOL_CONVERSION = YES;
				CLANG_WARN_COMMA = YES;
				CLANG_WARN_CONSTANT_CONVERSION = YES;
				CLANG_WARN_DEPRECATED_OBJC_IMPLEMENTATIONS = YES;
				CLANG_WARN_DIRECT_OBJC_ISA_USAGE = YES_ERROR;
				CLANG_WARN_DOCUMENTATION_COMMENTS = YES;
				CLANG_WARN_EMPTY_BODY = YES;
				CLANG_WARN_ENUM_CONVERSION = YES;
				CLANG_WARN_INFINITE_RECURSION = YES;
				CLANG_WARN_INT_CONVERSION = YES;
				CLANG_WARN_NON_LITERAL_NULL_CONVERSION = YES;
				CLANG_WARN_OBJC_IMPLICIT_RETAIN_SELF = YES;
				CLANG_WARN_OBJC_LITERAL_CONVERSION = YES;
				CLANG_WARN_OBJC_ROOT_CLASS = YES_ERROR;
				CLANG_WARN_QUOTED_INCLUDE_IN_FRAMEWORK_HEADER = YES;
				CLANG_WARN_RANGE_LOOP_ANALYSIS = YES;
				CLANG_WARN_STRICT_PROTOTYPES = YES;
				CLANG_WARN_SUSPICIOUS_MOVE = YES;
				CLANG_WARN_UNGUARDED_AVAILABILITY = YES_AGGRESSIVE;
				CLANG_WARN_UNREACHABLE_CODE = YES;
				CLANG_WARN__DUPLICATE_METHOD_MATCH = YES;
				COPY_PHASE_STRIP = NO;
				DEBUG_INFORMATION_FORMAT = "dwarf-with-dsym";
				ENABLE_NS_ASSERTIONS = NO;
				ENABLE_STRICT_OBJC_MSGSEND = YES;
				GCC_C_LANGUAGE_STANDARD = gnu11;
				GCC_NO_COMMON_BLOCKS = YES;
				GCC_WARN_64_TO_32_BIT_CONVERSION = YES;
				GCC_WARN_ABOUT_RETURN_TYPE = YES_ERROR;
				GCC_WARN_UNDECLARED_SELECTOR = YES;
				GCC_WARN_UNINITIALIZED_AUTOS = YES_AGGRESSIVE;
				GCC_WARN_UNUSED_FUNCTION = YES;
				GCC_WARN_UNUSED_VARIABLE = YES;
				MACOSX_DEPLOYMENT_TARGET = 11.0;
				MTL_ENABLE_DEBUG_INFO = NO;
				MTL_FAST_MATH = YES;
				SDKROOT = macosx;
				SWIFT_COMPILATION_MODE = wholemodule;
				SWIFT_OPTIMIZATION_LEVEL = "-O";
			};
			name = Release;
		};
		6EABFDDF24E08C9E00D6E71C /* Debug */ = {
			isa = XCBuildConfiguration;
			buildSettings = {
				ASSETCATALOG_COMPILER_APPICON_NAME = AppIcon;
				ASSETCATALOG_COMPILER_GLOBAL_ACCENT_COLOR_NAME = AccentColor;
				CODE_SIGN_ENTITLEMENTS = MyPomodoro/MyPomodoro.entitlements;
				CODE_SIGN_STYLE = Automatic;
				COMBINE_HIDPI_IMAGES = YES;
				DEVELOPMENT_ASSET_PATHS = "\"MyPomodoro/Preview Content\"";
				DEVELOPMENT_TEAM = 8SND336ZTD;
				ENABLE_HARDENED_RUNTIME = YES;
				ENABLE_PREVIEWS = YES;
				INFOPLIST_FILE = MyPomodoro/Info.plist;
				LD_RUNPATH_SEARCH_PATHS = (
					"$(inherited)",
					"@executable_path/../Frameworks",
				);
				MACOSX_DEPLOYMENT_TARGET = 10.16;
				PRODUCT_BUNDLE_IDENTIFIER = br.com.quaseninja.MyPomodoro;
				PRODUCT_NAME = "$(TARGET_NAME)";
				SWIFT_VERSION = 5.0;
			};
			name = Debug;
		};
		6EABFDE024E08C9E00D6E71C /* Release */ = {
			isa = XCBuildConfiguration;
			buildSettings = {
				ASSETCATALOG_COMPILER_APPICON_NAME = AppIcon;
				ASSETCATALOG_COMPILER_GLOBAL_ACCENT_COLOR_NAME = AccentColor;
				CODE_SIGN_ENTITLEMENTS = MyPomodoro/MyPomodoro.entitlements;
				CODE_SIGN_STYLE = Automatic;
				COMBINE_HIDPI_IMAGES = YES;
				DEVELOPMENT_ASSET_PATHS = "\"MyPomodoro/Preview Content\"";
				DEVELOPMENT_TEAM = 8SND336ZTD;
				ENABLE_HARDENED_RUNTIME = YES;
				ENABLE_PREVIEWS = YES;
				INFOPLIST_FILE = MyPomodoro/Info.plist;
				LD_RUNPATH_SEARCH_PATHS = (
					"$(inherited)",
					"@executable_path/../Frameworks",
				);
				MACOSX_DEPLOYMENT_TARGET = 10.16;
				PRODUCT_BUNDLE_IDENTIFIER = br.com.quaseninja.MyPomodoro;
				PRODUCT_NAME = "$(TARGET_NAME)";
				SWIFT_VERSION = 5.0;
			};
			name = Release;
		};
		6EABFDE224E08C9E00D6E71C /* Debug */ = {
			isa = XCBuildConfiguration;
			buildSettings = {
				ALWAYS_EMBED_SWIFT_STANDARD_LIBRARIES = YES;
				BUNDLE_LOADER = "$(TEST_HOST)";
				CODE_SIGN_STYLE = Automatic;
				COMBINE_HIDPI_IMAGES = YES;
				DEVELOPMENT_TEAM = 8SND336ZTD;
				INFOPLIST_FILE = MyPomodoroTests/Info.plist;
				LD_RUNPATH_SEARCH_PATHS = (
					"$(inherited)",
					"@executable_path/../Frameworks",
					"@loader_path/../Frameworks",
				);
				MACOSX_DEPLOYMENT_TARGET = 10.16;
				PRODUCT_BUNDLE_IDENTIFIER = br.com.quaseninja.MyPomodoroTests;
				PRODUCT_NAME = "$(TARGET_NAME)";
				SWIFT_VERSION = 5.0;
				TEST_HOST = "$(BUILT_PRODUCTS_DIR)/MyPomodoro.app/Contents/MacOS/MyPomodoro";
			};
			name = Debug;
		};
		6EABFDE324E08C9E00D6E71C /* Release */ = {
			isa = XCBuildConfiguration;
			buildSettings = {
				ALWAYS_EMBED_SWIFT_STANDARD_LIBRARIES = YES;
				BUNDLE_LOADER = "$(TEST_HOST)";
				CODE_SIGN_STYLE = Automatic;
				COMBINE_HIDPI_IMAGES = YES;
				DEVELOPMENT_TEAM = 8SND336ZTD;
				INFOPLIST_FILE = MyPomodoroTests/Info.plist;
				LD_RUNPATH_SEARCH_PATHS = (
					"$(inherited)",
					"@executable_path/../Frameworks",
					"@loader_path/../Frameworks",
				);
				MACOSX_DEPLOYMENT_TARGET = 10.16;
				PRODUCT_BUNDLE_IDENTIFIER = br.com.quaseninja.MyPomodoroTests;
				PRODUCT_NAME = "$(TARGET_NAME)";
				SWIFT_VERSION = 5.0;
				TEST_HOST = "$(BUILT_PRODUCTS_DIR)/MyPomodoro.app/Contents/MacOS/MyPomodoro";
			};
			name = Release;
		};
/* End XCBuildConfiguration section */

/* Begin XCConfigurationList section */
		6EABFDB324E08C9D00D6E71C /* Build configuration list for PBXProject "MyPomodoro" */ = {
			isa = XCConfigurationList;
			buildConfigurations = (
				6EABFDDC24E08C9E00D6E71C /* Debug */,
				6EABFDDD24E08C9E00D6E71C /* Release */,
			);
			defaultConfigurationIsVisible = 0;
			defaultConfigurationName = Release;
		};
		6EABFDDE24E08C9E00D6E71C /* Build configuration list for PBXNativeTarget "MyPomodoro" */ = {
			isa = XCConfigurationList;
			buildConfigurations = (
				6EABFDDF24E08C9E00D6E71C /* Debug */,
				6EABFDE024E08C9E00D6E71C /* Release */,
			);
			defaultConfigurationIsVisible = 0;
			defaultConfigurationName = Release;
		};
		6EABFDE124E08C9E00D6E71C /* Build configuration list for PBXNativeTarget "MyPomodoroTests" */ = {
			isa = XCConfigurationList;
			buildConfigurations = (
				6EABFDE224E08C9E00D6E71C /* Debug */,
				6EABFDE324E08C9E00D6E71C /* Release */,
			);
			defaultConfigurationIsVisible = 0;
			defaultConfigurationName = Release;
		};
/* End XCConfigurationList section */
	};
	rootObject = 6EABFDB024E08C9C00D6E71C /* Project object */;
}
